{
  "lockfileVersion": 2,
  "configVersion": 0,
  "workspaces": {
    "": {
      "name": "v8v88v8v88-website",
      "dependencies": {
        "@astrojs/compiler-rs": "^0.4.1",
        "@astrojs/rss": "^4.0.19",
        "@astrojs/sitemap": "^3.7.4",
        "astro": "^7.3.3",
        "simple-icons": "^16.32.0",
      },
    },
  },
  "packages": {
    "@astrojs/compiler-binding": ["@astrojs/compiler-binding@0.4.1", "", { "optionalDependencies": { "@astrojs/compiler-binding-android-arm64": "0.4.1", "@astrojs/compiler-binding-darwin-arm64": "0.4.1", "@astrojs/compiler-binding-darwin-x64": "0.4.1", "@astrojs/compiler-binding-linux-arm64-gnu": "0.4.1", "@astrojs/compiler-binding-linux-arm64-musl": "0.4.1", "@astrojs/compiler-binding-linux-x64-gnu": "0.4.1", "@astrojs/compiler-binding-linux-x64-musl": "0.4.1", "@astrojs/compiler-binding-wasm32-wasi": "0.4.1", "@astrojs/compiler-binding-win32-arm64-msvc": "0.4.1", "@astrojs/compiler-binding-win32-x64-msvc": "0.4.1" } }, ""],

    "@astrojs/compiler-binding-android-arm64": ["@astrojs/compiler-binding-android-arm64@0.4.1", "", { "os": "android", "cpu": "arm64" }, "sha512-Wtx2DZORuNTLASLLZ8hlrjFaJe1LUloatcCn9EPq7knBhRpjMGXeJANIJMeBZG4igvz7x+3nyAJM2iwCSW9xog=="],

    "@astrojs/compiler-binding-darwin-arm64": ["@astrojs/compiler-binding-darwin-arm64@0.4.1", "", { "os": "darwin", "cpu": "arm64" }, "sha512-7iwXcU+hB60Y1SvOfnWHNioT72gDsDQKaDipXh2Onwp/TvQMozhbvhy13wJR8Af940a0h6PbddCeJFpj791UDA=="],

    "@astrojs/compiler-binding-darwin-x64": ["@astrojs/compiler-binding-darwin-x64@0.4.1", "", { "os": "darwin", "cpu": "x64" }, "sha512-pifjICos49RXhSVKSDu5gDB0/8j0O7DmxSp1DaWW2PyLG5ekwSkcrfOZto5JqhdI7QYMZB3XOiXpsdOXpS4npA=="],

    "@astrojs/compiler-binding-linux-arm64-gnu": ["@astrojs/compiler-binding-linux-arm64-gnu@0.4.1", "", { "os": "linux", "cpu": "arm64" }, "sha512-hsZMlNWc6LqWHh9LlSwTq1/XCY7pxA5rkkKIdZRV8mgbOz9OwLvjEoe5Jry13eIZjMUQO8XnQyzk8o/Pjw2YFA=="],

    "@astrojs/compiler-binding-linux-arm64-musl": ["@astrojs/compiler-binding-linux-arm64-musl@0.4.1", "", { "os": "linux", "cpu": "arm64" }, "sha512-a3EW27f+Z9uf57vYmpLgUriA1y9wDhKz57PT8D8XlFZt2HZEWhUxKuxI1jvKVI9p8okYee11WXEm/FHY1G9yoQ=="],

    "@astrojs/compiler-binding-linux-x64-gnu": ["@astrojs/compiler-binding-linux-x64-gnu@0.4.1", "", { "os": "linux", "cpu": "x64" }, ""],

    "@astrojs/compiler-binding-linux-x64-musl": ["@astrojs/compiler-binding-linux-x64-musl@0.4.1", "", { "os": "linux", "cpu": "x64" }, ""],

    "@astrojs/compiler-binding-wasm32-wasi": ["@astrojs/compiler-binding-wasm32-wasi@0.4.1", "", { "dependencies": { "@napi-rs/wasm-runtime": "^1.2.4" }, "cpu": "none" }, "sha512-vNLxIv41ZE+nmPFtw24cRW5ZXG+ZPcAGtgigtjCP8lvcxKI7u2GrXoMsCgEH5fMw8WCEJpwLvsVBg15rJKAkyA=="],

    "@astrojs/compiler-binding-win32-arm64-msvc": ["@astrojs/compiler-binding-win32-arm64-msvc@0.4.1", "", { "os": "win32", "cpu": "arm64" }, "sha512-/xTDgRsFDoTh0/+KFXJ74DY4Jqn8CoSHwa8UP5RAblHfnRHkenwfSl4zYDET61O9vXKLk09UzHjjq09yP20/AQ=="],

    "@astrojs/compiler-binding-win32-x64-msvc": ["@astrojs/compiler-binding-win32-x64-msvc@0.4.1", "", { "os": "win32", "cpu": "x64" }, "sha512-0x5J6iHZO0Fjo/CVzoIbXKzWnGESftDbEUQ/oXQ61HhUAFoR7+T1jfToZSNAS+gYyBXHSTpMWYC7lzarbhClcg=="],

    "@astrojs/compiler-rs": ["@astrojs/compiler-rs@0.4.1", "", { "dependencies": { "@astrojs/compiler-binding": "0.4.1" } }, ""],

    "@astrojs/internal-helpers": ["@astrojs/internal-helpers@0.11.0", "", { "dependencies": { "@types/hast": "^3.0.4", "@types/mdast": "^4.0.4", "js-yaml": "^4.3.0", "picomatch": "^4.0.4", "retext-smartypants": "^6.2.0", "shiki": "^4.0.2", "smol-toml": "^1.6.0", "unified": "^11.0.5" } }, ""],

    "@astrojs/markdown-satteri": ["@astrojs/markdown-satteri@0.4.1", "", { "dependencies": { "@astrojs/internal-helpers": "0.11.0", "@astrojs/prism": "4.0.2", "github-slugger": "^2.0.0", "satteri": "^0.10.3" } }, ""],

    "@astrojs/prism": ["@astrojs/prism@4.0.2", "", { "dependencies": { "prismjs": "^1.30.0" } }, ""],

    "@astrojs/rss": ["@astrojs/rss@4.0.19", "", { "dependencies": { "fast-xml-parser": "^5.5.7", "piccolore": "^0.1.3", "zod": "^4.3.6" } }, ""],

    "@astrojs/sitemap": ["@astrojs/sitemap@3.7.4", "", { "dependencies": { "sitemap": "^9.0.0", "zod": "^4.3.6" } }, ""],

    "@astrojs/telemetry": ["@astrojs/telemetry@3.3.3", "", { "dependencies": { "ci-info": "^4.4.0", "dset": "^3.1.4", "is-docker": "^4.0.0", "package-manager-detector": "^1.6.0" } }, ""],

    "@babel/helper-string-parser": ["@babel/helper-string-parser@7.29.7", "", {}, ""],

    "@babel/helper-validator-identifier": ["@babel/helper-validator-identifier@7.29.7", "", {}, ""],

    "@babel/parser": ["@babel/parser@7.29.9", "", { "dependencies": { "@babel/types": "^7.29.8" }, "bin": { "parser": "bin/babel-parser.js" } }, ""],

    "@babel/types": ["@babel/types@7.29.8", "", { "dependencies": { "@babel/helper-string-parser": "^7.29.7", "@babel/helper-validator-identifier": "^7.29.7" } }, ""],

    "@bruits/satteri-darwin-arm64": ["@bruits/satteri-darwin-arm64@0.10.5", "", { "os": "darwin", "cpu": "arm64" }, "sha512-27KTVl4TJkVahMy/ohyA7qd4938G5UNneFUz/PsScYfpIhj0IVAS23mpcJXdPF44sa6nva198lmV/cKIb2YPyA=="],

    "@bruits/satteri-darwin-x64": ["@bruits/satteri-darwin-x64@0.10.5", "", { "os": "darwin", "cpu": "x64" }, "sha512-IjnLe3nKspq6qaeqGgjT7MT8VrTV74yWRlaag7ZdNsI8TDAYZ0iPxMCo+9KQZHUk5EyVB+reBI/PFWL5KuFw9Q=="],

    "@bruits/satteri-linux-arm64-gnu": ["@bruits/satteri-linux-arm64-gnu@0.10.5", "", { "os": "linux", "cpu": "arm64" }, "sha512-glkYXZCJywjP13v67eAyAMSJdF+ncvEbYvgi/wOtffL9tQ27lr/zsyzUfgs+ovjJ9d8JNQKiXeiArJcX8PJL9w=="],

    "@bruits/satteri-linux-arm64-musl": ["@bruits/satteri-linux-arm64-musl@0.10.5", "", { "os": "linux", "cpu": "arm64" }, "sha512-yWdgG1g17Nh2QyGVlFUxGRa3FEFwiMcpZEyMNWkbM3deC94cmVc+/i9OuyFpdKuWo3GkgoCtYVOoxk1uCnCZIA=="],

    "@bruits/satteri-linux-x64-gnu": ["@bruits/satteri-linux-x64-gnu@0.10.5", "", { "os": "linux", "cpu": "x64" }, ""],

    "@bruits/satteri-linux-x64-musl": ["@bruits/satteri-linux-x64-musl@0.10.5", "", { "os": "linux", "cpu": "x64" }, ""],

    "@bruits/satteri-wasm32-wasi": ["@bruits/satteri-wasm32-wasi@0.10.5", "", { "dependencies": { "@emnapi/core": "1.11.1", "@emnapi/runtime": "1.11.1", "@napi-rs/wasm-runtime": "^1.2.3" }, "cpu": "none" }, "sha512-ypz8c/Zmipxp4IoeDa228Gstv6TLzVmNs3yC6wKCoNSOjx1iwpgzu87Y3hTkXFdwChVGU85qeUDuOIarGUZQLw=="],

    "@bruits/satteri-win32-arm64-msvc": ["@bruits/satteri-win32-arm64-msvc@0.10.5", "", { "os": "win32", "cpu": "arm64" }, "sha512-siTV88nb0LRqNpkL2gXboqCwVdq95sLtzMHS1/3eONV2gLbB3NAK46wmSMvCO/yquBvI2lvaFIfd8P12ecsxBw=="],

    "@bruits/satteri-win32-x64-msvc": ["@bruits/satteri-win32-x64-msvc@0.10.5", "", { "os": "win32", "cpu": "x64" }, "sha512-C3IfPvfvMXmlzBxaMPKFS1XiuV9pu2mC7YqkPk7PSvTgPZ8gbdASIpHpztDLvTTQjqZ0z1Ol8tK5X+V6XXC0wQ=="],

    "@capsizecss/unpack": ["@capsizecss/unpack@4.0.1", "", { "dependencies": { "fontkitten": "^1.0.3" } }, ""],

    "@clack/core": ["@clack/core@1.5.1", "", { "dependencies": { "fast-wrap-ansi": "^0.2.0", "sisteransi": "^1.0.5" } }, ""],

    "@clack/prompts": ["@clack/prompts@1.8.1", "", { "dependencies": { "@clack/core": "1.5.1", "fast-string-width": "^3.0.2", "fast-wrap-ansi": "^0.2.0", "sisteransi": "^1.0.5" } }, ""],

    "@emnapi/core": ["@emnapi/core@1.11.3", "", { "dependencies": { "@emnapi/wasi-threads": "1.2.3", "tslib": "^2.4.0" } }, "sha512-zLpS5asjEb7lq8jYLq37N6XKaE41DIexlY1rF/z4/tIl3wo13Sqm28fRyfIsKZD+NZ8mM5RoKkpW/rBcuoSZSg=="],

    "@emnapi/runtime": ["@emnapi/runtime@1.11.3", "", { "dependencies": { "tslib": "^2.4.0" } }, "sha512-Xz4Tpyki7XyrpbUK1jR1AhdAdaXyhhY4lZ3neLodmhpuWfy2PAQN5B46sAiU4liOXGLkHypn/qU+jvfWSCYYLA=="],

    "@emnapi/wasi-threads": ["@emnapi/wasi-threads@1.2.3", "", { "dependencies": { "tslib": "^2.4.0" } }, "sha512-ELEBe8PsLvvJ6QMr0zLt8ffvOHW/dc1m3CEzNMg7aJUv3bMaoDtw2TXyDAwkYBuroxxuHEwhRTLJSe5sya547g=="],

    "@esbuild/aix-ppc64": ["@esbuild/aix-ppc64@0.28.2", "", { "os": "aix", "cpu": "ppc64" }, "sha512-XExcO+dvLKvVtNTibSTBej1NCAbaGhWn9Ww1ZPx80qsahhPFe/8jgWP0IchNe0F3HwkU7n8ejhH8bjonqht8mQ=="],

    "@esbuild/android-arm": ["@esbuild/android-arm@0.28.2", "", { "os": "android", "cpu": "arm" }, "sha512-kXXoiPVVGQcnIYGOeaovwOURpniDBpSq4A03qkQ+BMQqtGG6HYap3xne9C1O1yo4TR3qxlCX5IqqmX6fFo2Lqg=="],

    "@esbuild/android-arm64": ["@esbuild/android-arm64@0.28.2", "", { "os": "android", "cpu": "arm64" }, "sha512-5YfKeeI8qWfBZIX+u2xZC3Zlb3Os/gLS2sbEKM+I4ZOcsWmHS2WLysCcQZDAFRslDUU5Oiq44gf6PYN1vGwG5A=="],

    "@esbuild/android-x64": ["@esbuild/android-x64@0.28.2", "", { "os": "android", "cpu": "x64" }, "sha512-O387ite7SzUyCcy3JQX4P4bLtEA7bLLkx+esve5JHnyYfNTxcVpXZo9jhdB0lTKN44gztELTdU7nS8Nr16Fs1Q=="],

    "@esbuild/darwin-arm64": ["@esbuild/darwin-arm64@0.28.2", "", { "os": "darwin", "cpu": "arm64" }, "sha512-n4KqkOQrraxHJcgjM1RvwbigfQKIKJVpM7xp+KsxiyUSrRdIXnt73VhrPAx0fV44hgfmIVKjxMN9J1t5jySVkw=="],

    "@esbuild/darwin-x64": ["@esbuild/darwin-x64@0.28.2", "", { "os": "darwin", "cpu": "x64" }, "sha512-uq6suIWYP37qzGddBKPw5QEQPi6HiLGsO7UmkpfyaYNQ3D+rN6w6WfwH+nuqcGXWvawGwxOEroO4YGnFh95azw=="],

    "@esbuild/freebsd-arm64": ["@esbuild/freebsd-arm64@0.28.2", "", { "os": "freebsd", "cpu": "arm64" }, "sha512-n+I0BTSRIoy+d6RPKnEVwql5UwBJolytvY4mAOIEJorKlqgPII8ix6slVVrfZ5Tnj7glIZvloylbB/EJPMWEXw=="],

    "@esbuild/freebsd-x64": ["@esbuild/freebsd-x64@0.28.2", "", { "os": "freebsd", "cpu": "x64" }, "sha512-78XJTJkvPs0kz2w61301PJjXl4g7q3JqiYMZ/M/yVI73EHBrCRTgkhu9oqG7vPqq+a/yadEW8aD+agKlk5xrmg=="],

    "@esbuild/linux-arm": ["@esbuild/linux-arm@0.28.2", "", { "os": "linux", "cpu": "arm" }, "sha512-XlDnu2q5yoqems+xay6wSAcg9DDD7K9RLKZEBOMZm3ckNpJBvOX20tSfby8KfrrhINDyv9V2YVZKY/SpoGJI8w=="],

    "@esbuild/linux-arm64": ["@esbuild/linux-arm64@0.28.2", "", { "os": "linux", "cpu": "arm64" }, "sha512-pW4AC0P3it8c7do9MVM4p51FzHzdM/TZrerurgRcHJ2WTa1VQ1CIq18xncfpBJw4ojkiZZrKW2yIBWBP92j6Ug=="],

    "@esbuild/linux-ia32": ["@esbuild/linux-ia32@0.28.2", "", { "os": "linux", "cpu": "ia32" }, "sha512-CYbnj78HsIeA+DhgUKgFCfvNsTHFhMMrinUrMZpDXJXKN8T3XViTZ/+wtHeVxEWY8ewSzTFN+nRmSwO2tZaLUQ=="],

    "@esbuild/linux-loong64": ["@esbuild/linux-loong64@0.28.2", "", { "os": "linux", "cpu": "none" }, "sha512-buwkd8nsph4R+ajRvw0qM5Hja/TXQow3ptzWO2EbG/cqcIkHloRrdlBtQlshyYGTNFvfkfJ5tpPLVkY4DtsPfQ=="],

    "@esbuild/linux-mips64el": ["@esbuild/linux-mips64el@0.28.2", "", { "os": "linux", "cpu": "none" }, "sha512-ZVykbDyk7519VwiNb9Lcj9m8XM6v5V9uKPvrEMkkEedVewf+0itkhahp4HDpgERXhwLRpWFypsGbG/J8s0QjJA=="],

    "@esbuild/linux-ppc64": ["@esbuild/linux-ppc64@0.28.2", "", { "os": "linux", "cpu": "ppc64" }, "sha512-CAXl+Dtd9UUuJd8pKKdwh6MLm3MUMiqMPmhZ3tTSXPqfyQ3vDl6R5hZdZ/kYojK4ofXtdfSv1tFq8XzWx3heNQ=="],

    "@esbuild/linux-riscv64": ["@esbuild/linux-riscv64@0.28.2", "", { "os": "linux", "cpu": "none" }, "sha512-GeXCej4IQtU1B+QlDV8W/RRvbzI3O/Stss+/bCXv4lZls5WGRtu2a+3JkA3i4qIUlMXpcHebWpF8AkJhATowuA=="],

    "@esbuild/linux-s390x": ["@esbuild/linux-s390x@0.28.2", "", { "os": "linux", "cpu": "s390x" }, "sha512-3H1weTYZPxt/WOhByszQZybS9w5lKzUn1FDMsgEChbHWQwHYQQRfBxgCcZvPhjHfKyJjIievvMmEUawJrdY9Dg=="],

    "@esbuild/linux-x64": ["@esbuild/linux-x64@0.28.2", "", { "os": "linux", "cpu": "x64" }, ""],

    "@esbuild/netbsd-arm64": ["@esbuild/netbsd-arm64@0.28.2", "", { "os": "none", "cpu": "arm64" }, "sha512-sSATRjPeDBg3pdgHoQfoYBob11Kk1FGa9lui5RIHZCoCkJa9QKlvl3/vKz2usCmYYjs7ymJR/2Nnsqe+Hjt5nw=="],

    "@esbuild/netbsd-x64": ["@esbuild/netbsd-x64@0.28.2", "", { "os": "none", "cpu": "x64" }, "sha512-lqnzCV+mM0gIADaKihiCg6ifgfU2L3h5E33rNQBN1Y4MaVGnzryzmvvf7UHxprpQdE8hpqLolJ9Rl+SkIRDpyw=="],

    "@esbuild/openbsd-arm64": ["@esbuild/openbsd-arm64@0.28.2", "", { "os": "openbsd", "cpu": "arm64" }, "sha512-AL2qJILH7lNjrDmCQDvdxMfAUIv8KMNZOvrwAQ8i8//ntL9FflhOyMJ8OZSMBb8/AWXe3/5v5S20y3zCoZWKoQ=="],

    "@esbuild/openbsd-x64": ["@esbuild/openbsd-x64@0.28.2", "", { "os": "openbsd", "cpu": "x64" }, "sha512-QtiuPytchRyC4rwUKhexJdQKvDuZ6hWloi3igqPQNUJCS1/v9EiO3UTOXR6A3FoMo4fnAKbWJdqaIwhOzh8qEw=="],

    "@esbuild/openharmony-arm64": ["@esbuild/openharmony-arm64@0.28.2", "", { "os": "none", "cpu": "arm64" }, "sha512-WkhYDmpTjLvGlScA1rwjRUmhl4k8oXR3cIbtqWmELgU/dFeHHlEllxDvdWcNJV9rbzCexB5vz8gtNewWLgCT7Q=="],

    "@esbuild/sunos-x64": ["@esbuild/sunos-x64@0.28.2", "", { "os": "sunos", "cpu": "x64" }, "sha512-GPMSkTOtMnv2U2F8gxe4Io6qmVs+YKyp832Etqqxr0hFngmXQ3rzwytelm3GIn7T4VviRUlf3sOgBOiTdvaf7g=="],

    "@esbuild/win32-arm64": ["@esbuild/win32-arm64@0.28.2", "", { "os": "win32", "cpu": "arm64" }, "sha512-PIhhEkE9uPBleRBrQEJpUn7MBnibZzbGzYWPmY3x+YoVg/95zbjB4CxPPOQ8l5tYYM4mMaCthF8/1DIfBQQyWQ=="],

    "@esbuild/win32-ia32": ["@esbuild/win32-ia32@0.28.2", "", { "os": "win32", "cpu": "ia32" }, "sha512-YmJbfTlvU7Sdn9BB+4PRES4oB6pxgS37MAONj+hBr/cpXS1aBPKXxNnDbu+QCWPj0o9dgyxeq79g6c5P8KeuYA=="],

    "@esbuild/win32-x64": ["@esbuild/win32-x64@0.28.2", "", { "os": "win32", "cpu": "x64" }, "sha512-5ebpxr3nWMzrL/rnUI755Jkuee0bHL/Gq0WTF9lvcpv73wAp5eu8MfBUgWK9bhWvZjj7yX8etf/8tI8Ney695g=="],

    "@img/colour": ["@img/colour@1.1.0", "", {}, ""],

    "@img/sharp-darwin-arm64": ["@img/sharp-darwin-arm64@0.35.4", "", { "optionalDependencies": { "@img/sharp-libvips-darwin-arm64": "1.3.3" }, "os": "darwin", "cpu": "arm64" }, "sha512-Uhfl4V4lhP2nbUVF9+hyH1+luj86f1gUFeo8ALYxFoULoU+G87D43BfeMP8XHsk9boxAnCY/bf2EHwhA7MuGsA=="],

    "@img/sharp-darwin-x64": ["@img/sharp-darwin-x64@0.35.4", "", { "optionalDependencies": { "@img/sharp-libvips-darwin-x64": "1.3.3" }, "os": "darwin", "cpu": "x64" }, "sha512-hWniXY3bG5qKpkKrAwPe4y+VTPmf086YQAnkxWh7uA1YrlRouWGa0M0Mxj3ZjnXFkv7/TD1bTy9lGUK26vRvWw=="],

    "@img/sharp-freebsd-wasm32": ["@img/sharp-freebsd-wasm32@0.35.4", "", { "dependencies": { "@img/sharp-wasm32": "0.35.4" }, "os": "freebsd" }, "sha512-lIsKw/BU+kjB4eZjxrYrZmwOJYi3Ajrv66iAlBmUPyKc3HpnloevB1g3wxGD9P/5BbQ1brBGl65VRRrCvQDEqA=="],

    "@img/sharp-libvips-darwin-arm64": ["@img/sharp-libvips-darwin-arm64@1.3.3", "", { "os": "darwin", "cpu": "arm64" }, "sha512-suTBPTDGrI9WodccaDdwZItTSaBYASlBk1NSfElSHrUfzu3szG6lvIF58+WiFvnfzuK8ZBFS5zE00PxqxnRiPg=="],

    "@img/sharp-libvips-darwin-x64": ["@img/sharp-libvips-darwin-x64@1.3.3", "", { "os": "darwin", "cpu": "x64" }, "sha512-FVJZ5mITMobmXIz/hPDTw0EintTW5H3WfrxwLqEqjiIihlu+hVRyGrFQ60xl0Lxn7Bt3zdpevPaQi0HEzqz9fw=="],

    "@img/sharp-libvips-linux-arm": ["@img/sharp-libvips-linux-arm@1.3.3", "", { "os": "linux", "cpu": "arm" }, "sha512-3rbU4vqXXc3hY/OiXdl52xZvT0F1yEngWfvqudtPJg/KkyiaQw2DRsFrNzpmLvfavbwOq3qXn36GP8obHRULQA=="],

    "@img/sharp-libvips-linux-arm64": ["@img/sharp-libvips-linux-arm64@1.3.3", "", { "os": "linux", "cpu": "arm64" }, "sha512-0DaL0A6Xu6sQSQFwe4iVCrKWU2cCTItnRsYsCdxAMm9NF6twAA9BKnoqy4hqz4+azQ0JHuA26qiUKsf1XJ/v5A=="],

    "@img/sharp-libvips-linux-ppc64": ["@img/sharp-libvips-linux-ppc64@1.3.3", "", { "os": "linux", "cpu": "ppc64" }, "sha512-cdn1OvUBwsXhbC0zSzJnNzf5MZ/mTrobawDvNXBTxe8VtqKAm0sRuEY2Evzovb/w9JMk4TvRxqt1mekSuJz64w=="],

    "@img/sharp-libvips-linux-riscv64": ["@img/sharp-libvips-linux-riscv64@1.3.3", "", { "os": "linux", "cpu": "none" }, "sha512-HjPVx7yKz+0lqdhDlTw1tt90wamBoxhiXpvl1XZpJLiHH4RCJ5yDTqH+VlYPv2fwFs89JFw4c1IexYOcQUi4IQ=="],

    "@img/sharp-libvips-linux-s390x": ["@img/sharp-libvips-linux-s390x@1.3.3", "", { "os": "linux", "cpu": "s390x" }, "sha512-neWLh+3yCNThxnfy3c4BbVBeGgt9aftno+XbT56iK28RgeDs3UOFWviLWlUu0bArYVYJaFDK+RRohbicUNCm8Q=="],

    "@img/sharp-libvips-linux-x64": ["@img/sharp-libvips-linux-x64@1.3.3", "", { "os": "linux", "cpu": "x64" }, ""],

    "@img/sharp-libvips-linuxmusl-arm64": ["@img/sharp-libvips-linuxmusl-arm64@1.3.3", "", { "os": "linux", "cpu": "arm64" }, "sha512-Y9kQaLMuNoB0bPYOOdcZMaseNrFpPodIWWMrx+CZyydf2xn68j9WYc6sWWRrDwNkzCQjKYfc68L7jKjGlHMibw=="],

    "@img/sharp-libvips-linuxmusl-x64": ["@img/sharp-libvips-linuxmusl-x64@1.3.3", "", { "os": "linux", "cpu": "x64" }, ""],

    "@img/sharp-linux-arm": ["@img/sharp-linux-arm@0.35.4", "", { "optionalDependencies": { "@img/sharp-libvips-linux-arm": "1.3.3" }, "os": "linux", "cpu": "arm" }, "sha512-7OAS8gI0EReKGVN2HssHlM6umJgxF5VI3xN0p9FA91p/YO+ou5hiNghLdZ5BEHztwaaK5+bLKRf8x/o2L2nk9A=="],

    "@img/sharp-linux-arm64": ["@img/sharp-linux-arm64@0.35.4", "", { "optionalDependencies": { "@img/sharp-libvips-linux-arm64": "1.3.3" }, "os": "linux", "cpu": "arm64" }, "sha512-De4jpEnAU8Hd5oT0j1G3uL4ZvTuipVMn7YC6vPaJhy6/7EwEae0SVAoBrUMYQbkLGDm85taVWwuPc1a44LTzCQ=="],

    "@img/sharp-linux-ppc64": ["@img/sharp-linux-ppc64@0.35.4", "", { "optionalDependencies": { "@img/sharp-libvips-linux-ppc64": "1.3.3" }, "os": "linux", "cpu": "ppc64" }, "sha512-2oYZJeIl4kCcMGk4ouZVjnkCtFrpQFlNEtJ6GbxzhHQchwH0NH/qEb9ykmOl29dqwMq+JhFdZn+1ak2FKhI9fQ=="],

    "@img/sharp-linux-riscv64": ["@img/sharp-linux-riscv64@0.35.4", "", { "optionalDependencies": { "@img/sharp-libvips-linux-riscv64": "1.3.3" }, "os": "linux", "cpu": "none" }, "sha512-cPbNChoRURAWdebDIHSenxRpgEdy7JkPydSnUxRm9VvKD7m0/xVaR/8Fzlu81pk5nHEvHH87UZUA7cTtwnbJSA=="],

    "@img/sharp-linux-s390x": ["@img/sharp-linux-s390x@0.35.4", "", { "optionalDependencies": { "@img/sharp-libvips-linux-s390x": "1.3.3" }, "os": "linux", "cpu": "s390x" }, "sha512-RY0JFY8Fd6RonCBtHz+DvadaPkXDSI1AUn6yWL9TipqkZ1vY8w8evqdgyDFnkm4/K1ve1TvZiaePP5oSd4+WVQ=="],

    "@img/sharp-linux-x64": ["@img/sharp-linux-x64@0.35.4", "", { "optionalDependencies": { "@img/sharp-libvips-linux-x64": "1.3.3" }, "os": "linux", "cpu": "x64" }, ""],

    "@img/sharp-linuxmusl-arm64": ["@img/sharp-linuxmusl-arm64@0.35.4", "", { "optionalDependencies": { "@img/sharp-libvips-linuxmusl-arm64": "1.3.3" }, "os": "linux", "cpu": "arm64" }, "sha512-KB5jxpfWQTr0nc3xdHtWChdbifHrBGsd2SM62Eyxrl8afikm+f5qGBU75SJIZBT/S1MC8XyacdlXBMSWq6OURA=="],

    "@img/sharp-linuxmusl-x64": ["@img/sharp-linuxmusl-x64@0.35.4", "", { "optionalDependencies": { "@img/sharp-libvips-linuxmusl-x64": "1.3.3" }, "os": "linux", "cpu": "x64" }, ""],

    "@img/sharp-wasm32": ["@img/sharp-wasm32@0.35.4", "", { "dependencies": { "@emnapi/runtime": "^1.11.3" } }, "sha512-zQnl4Kwp7Q6NHsENtU2T/00Zi+w3AQNwz3+UaTyVBy2FpXrzXzGjndpK61onhZjRtRpQXxCTeqw19bVyXOh7jA=="],

    "@img/sharp-webcontainers-wasm32": ["@img/sharp-webcontainers-wasm32@0.35.4", "", { "dependencies": { "@img/sharp-wasm32": "0.35.4" }, "cpu": "none" }, "sha512-ESfNkywmCfPNyaZjxooddJQiQ+l/nTpGEOGthxiLnIHXC/CmcBixnfwUleX9mCz9ovrUUvKMap/pm8RYbzfwaA=="],

    "@img/sharp-win32-arm64": ["@img/sharp-win32-arm64@0.35.4", "", { "os": "win32", "cpu": "arm64" }, "sha512-iNdlBX9gLVvqe2I3uIJSIKTq6wckP/DYxZtcqxm09x5Gi24DnFBmPAWZmr60ZyYMG0xlzo6goG3670ar+RXvRw=="],

    "@img/sharp-win32-ia32": ["@img/sharp-win32-ia32@0.35.4", "", { "os": "win32", "cpu": "ia32" }, "sha512-kqRsbaa5CS6KHlpxnN7WhE6vAAugXyZButpRdvDWetlv6Qv4N9WTcrWzF7tXfB9T7MsoadqdI8hmwLq6UlLvtw=="],

    "@img/sharp-win32-x64": ["@img/sharp-win32-x64@0.35.4", "", { "os": "win32", "cpu": "x64" }, "sha512-XtmnYhBcrORsJ4XJngyzr/EWP0hRZLAZRFaApdKuviyqF78+ylxh2y06ZmtULAMOnObJ3ucpN0AcwSWnMowTRg=="],

    "@jridgewell/sourcemap-codec": ["@jridgewell/sourcemap-codec@1.6.0", "", {}, ""],

    "@napi-rs/wasm-runtime": ["@napi-rs/wasm-runtime@1.2.4", "", { "dependencies": { "@tybys/wasm-util": "^0.10.3" }, "peerDependencies": { "@emnapi/core": "^1.7.1 || ^2.0.0-alpha.4", "@emnapi/runtime": "^1.7.1 || ^2.0.0-alpha.4" } }, "sha512-AJxoUD2/15ESHbvpcyjU274nsAPLuOtPHCk0vKJM5pj//Fg/B1FXNWjPnXTT9PymCYYiHo4zPj0ZomXBKhoy7g=="],

    "@nodable/entities": ["@nodable/entities@3.0.0", "", {}, ""],

    "@oslojs/encoding": ["@oslojs/encoding@1.1.0", "", {}, ""],

    "@oxc-project/types": ["@oxc-project/types@0.150.0", "", {}, ""],

    "@rolldown/binding-android-arm-eabi": ["@rolldown/binding-android-arm-eabi@1.2.9", "", { "os": "android", "cpu": "arm" }, "sha512-tNISae1QEf/vkb3xkRcjV5SEdzPE97We5IVaa2Z8jSszQPZ8U60B/YCYpw4QI7VidYsBtKavczXf+DyDs9WGxw=="],

    "@rolldown/binding-android-arm64": ["@rolldown/binding-android-arm64@1.2.9", "", { "os": "android", "cpu": "arm64" }, "sha512-YC8YsI30o606GTZi0VyzYlsDKFP8W61i/QzayHDkLbNEz/IShqAmTa+hsJRj13xTHA0H+6fk4b2UmGn+Q/cMlg=="],

    "@rolldown/binding-darwin-arm64": ["@rolldown/binding-darwin-arm64@1.2.9", "", { "os": "darwin", "cpu": "arm64" }, "sha512-IwhlH3qK5urrY8hZiEgGkHKEFN901p/p2bjxCxJlr4GyNnF7wYpUvK+Y43uaRYuC4hpfjzbR3SJC3arX1jGvmw=="],

    "@rolldown/binding-darwin-x64": ["@rolldown/binding-darwin-x64@1.2.9", "", { "os": "darwin", "cpu": "x64" }, "sha512-XxpJfVzFh+jilRxIXUqcfYAYcunIc/XEzIizsOL1fcJee5Sf7H3mH8WlLmfHfluz5amqR88QQo9izKtmMlavAw=="],

    "@rolldown/binding-freebsd-x64": ["@rolldown/binding-freebsd-x64@1.2.9", "", { "os": "freebsd", "cpu": "x64" }, "sha512-kSfvhmgeWyfkbT3p/1s5vSgboogoah2zkm9fX2zjg2hHxSV7T4KhMWRUUaRk4OXNqoD3QAUeRqLcs1aZOK4U1g=="],

    "@rolldown/binding-linux-arm-gnueabihf": ["@rolldown/binding-linux-arm-gnueabihf@1.2.9", "", { "os": "linux", "cpu": "arm" }, "sha512-1RVzG17pxqbTfYLC352JlLt6kKLG+6Hr30n8DlIJqsnV5luUDd2Qdx9Ayw1Cabfyb1K9k0jXEZ7evxkRoT+uiw=="],

    "@rolldown/binding-linux-arm64-gnu": ["@rolldown/binding-linux-arm64-gnu@1.2.9", "", { "os": "linux", "cpu": "arm64" }, "sha512-BXqPvZ2drqVD+/Z8UpKwcs4Mp7grM+eGFku4CAEKrEtcbAsUpzREphK1sogCRZGreVPiMkiiBtw0n3TPteuqvw=="],

    "@rolldown/binding-linux-arm64-musl": ["@rolldown/binding-linux-arm64-musl@1.2.9", "", { "os": "linux", "cpu": "arm64" }, "sha512-11vWvo8YDwLzukt27J3aYDWU+gg2P7J+ZOmiJ0hkF5BXZDW7pVya7r40MXDy6ya0i9KamoENSVKIugvJNgFXIA=="],

    "@rolldown/binding-linux-ppc64-gnu": ["@rolldown/binding-linux-ppc64-gnu@1.2.9", "", { "os": "linux", "cpu": "ppc64" }, "sha512-a1tijMkdwsIARtc0F39ApURROkf3NwqinI6TOiSSWCTR7dT96dffNvMUtDHnq64wKNTIZOIlzKrFvvFUznJiyw=="],

    "@rolldown/binding-linux-s390x-gnu": ["@rolldown/binding-linux-s390x-gnu@1.2.9", "", { "os": "linux", "cpu": "s390x" }, "sha512-x6SQNdAvv4c3hWqTMaWuawzMX9myaCs/yEmlGsxJzkdClnHW7FbrjQuSiRDhuSYzEYoEMhsaJy9qHG/XNemJPQ=="],

    "@rolldown/binding-linux-x64-gnu": ["@rolldown/binding-linux-x64-gnu@1.2.9", "", { "os": "linux", "cpu": "x64" }, ""],

    "@rolldown/binding-linux-x64-musl": ["@rolldown/binding-linux-x64-musl@1.2.9", "", { "os": "linux", "cpu": "x64" }, ""],

    "@rolldown/binding-openharmony-arm64": ["@rolldown/binding-openharmony-arm64@1.2.9", "", { "os": "none", "cpu": "arm64" }, "sha512-1qixtsE4BK8h+yS3BfmZ09UhA7O/N4IACva6YBr7EBvCJraByTuRcgOTaiA62Tm0vey3UcKXLOaoGHtYmNGEVg=="],

    "@rolldown/binding-win32-arm64-msvc": ["@rolldown/binding-win32-arm64-msvc@1.2.9", "", { "os": "win32", "cpu": "arm64" }, "sha512-ok8IQjcEPs1AKZfuEUznVBrJw+gK4soq+bx8b1X2XoMqVClarc1q5JDmVtWXY1xfr6ZuHTAsPXHTgTrqKTZeww=="],

    "@rolldown/binding-win32-x64-msvc": ["@rolldown/binding-win32-x64-msvc@1.2.9", "", { "os": "win32", "cpu": "x64" }, "sha512-Ip2mXoU0hM0boq3Rf+ekuT653OROSo6aSYcPT1VHE4q52KvyxgFkQgrgb/IEsxOuvQ2fZZbs8khJAyCEPM24/g=="],

    "@rolldown/pluginutils": ["@rolldown/pluginutils@1.0.1", "", {}, ""],

    "@shikijs/core": ["@shikijs/core@4.4.3", "", { "dependencies": { "@shikijs/primitive": "4.4.3", "@shikijs/types": "4.4.3", "@shikijs/vscode-textmate": "^10.0.2", "@types/hast": "^3.0.5", "hast-util-to-html": "^9.0.5" } }, ""],

    "@shikijs/engine-javascript": ["@shikijs/engine-javascript@4.4.3", "", { "dependencies": { "@shikijs/types": "4.4.3", "@shikijs/vscode-textmate": "^10.0.2", "oniguruma-to-es": "^4.3.6" } }, ""],

    "@shikijs/engine-oniguruma": ["@shikijs/engine-oniguruma@4.4.3", "", { "dependencies": { "@shikijs/types": "4.4.3", "@shikijs/vscode-textmate": "^10.0.2" } }, ""],

    "@shikijs/langs": ["@shikijs/langs@4.4.3", "", { "dependencies": { "@shikijs/types": "4.4.3" } }, ""],

    "@shikijs/primitive": ["@shikijs/primitive@4.4.3", "", { "dependencies": { "@shikijs/types": "4.4.3", "@shikijs/vscode-textmate": "^10.0.2", "@types/hast": "^3.0.5" } }, ""],

    "@shikijs/themes": ["@shikijs/themes@4.4.3", "", { "dependencies": { "@shikijs/types": "4.4.3" } }, ""],

    "@shikijs/types": ["@shikijs/types@4.4.3", "", { "dependencies": { "@shikijs/vscode-textmate": "^10.0.2", "@types/hast": "^3.0.5" } }, ""],

    "@shikijs/vscode-textmate": ["@shikijs/vscode-textmate@10.0.2", "", {}, ""],

    "@tybys/wasm-util": ["@tybys/wasm-util@0.10.4", "", { "dependencies": { "tslib": "^2.4.0" } }, "sha512-W3c4gRigFS0T/Ma4qIYF3GDAc5AQdHb1yL5znJT1Zv1YaD9Kitx656wBjvr19qbiosmZT8lWDM5BEMynUqX65A=="],

    "@types/estree": ["@types/estree@1.0.9", "", {}, ""],

    "@types/estree-jsx": ["@types/estree-jsx@1.0.5", "", { "dependencies": { "@types/estree": "*" } }, ""],

    "@types/hast": ["@types/hast@3.0.5", "", { "dependencies": { "@types/unist": "*" } }, ""],

    "@types/mdast": ["@types/mdast@4.0.4", "", { "dependencies": { "@types/unist": "*" } }, ""],

    "@types/nlcst": ["@types/nlcst@2.0.3", "", { "dependencies": { "@types/unist": "*" } }, ""],

    "@types/node": ["@types/node@24.13.6", "", { "dependencies": { "undici-types": "~7.18.0" } }, ""],

    "@types/sax": ["@types/sax@1.2.7", "", { "dependencies": { "@types/node": "*" } }, ""],

    "@types/unist": ["@types/unist@3.0.3", "", {}, ""],

    "@ungap/structured-clone": ["@ungap/structured-clone@1.4.0", "", {}, ""],

    "am-i-vibing": ["am-i-vibing@0.4.0", "", { "dependencies": { "process-ancestry": "^0.1.0" }, "bin": "dist/cli.mjs" }, ""],

    "anymatch": ["anymatch@3.1.3", "", { "dependencies": { "normalize-path": "^3.0.0", "picomatch": "^2.0.4" } }, ""],

    "anynum": ["anynum@1.0.1", "", {}, ""],

    "arg": ["arg@5.0.2", "", {}, ""],

    "argparse": ["argparse@2.0.1", "", {}, ""],

    "aria-query": ["aria-query@5.3.2", "", {}, ""],

    "astro": ["astro@7.3.3", "", { "dependencies": { "@astrojs/compiler-rs": "^0.4.0", "@astrojs/internal-helpers": "0.11.0", "@astrojs/markdown-satteri": "0.4.1", "@astrojs/telemetry": "3.3.3", "@capsizecss/unpack": "^4.0.0", "@clack/prompts": "^1.1.0", "@oslojs/encoding": "^1.1.0", "am-i-vibing": "^0.4.0", "aria-query": "^5.3.2", "axobject-query": "^4.1.0", "ci-info": "^4.4.0", "clsx": "^2.1.1", "common-ancestor-path": "^2.0.0", "cookie": "^2.0.1", "devalue": "^5.8.1", "diff": "^9.0.0", "dset": "^3.1.4", "es-module-lexer": "^2.0.0", "esbuild": "^0.28.0", "find-proc": "0.2.0", "flattie": "^1.1.1", "fontace": "~0.4.1", "get-tsconfig": "5.0.0-beta.4", "github-slugger": "^2.0.0", "html-escaper": "3.0.3", "http-cache-semantics": "^4.2.0", "js-yaml": "^4.3.0", "jsonc-parser": "^3.3.1", "magic-string": "^1.0.0", "magicast": "^0.5.2", "mrmime": "^2.0.1", "neotraverse": "^1.0.1", "obug": "^2.1.1", "p-limit": "^7.3.0", "p-queue": "^9.1.0", "package-manager-detector": "^1.6.0", "piccolore": "^0.1.3", "picomatch": "^4.0.4", "shiki": "^4.0.2", "smol-toml": "^1.6.0", "svgo": "^4.0.2", "tinyclip": "^0.1.12", "tinyexec": "^1.0.4", "tinyglobby": "^0.2.15", "ultrahtml": "^1.6.0", "unifont": "~0.7.5", "unstorage": "^1.17.5", "verkit": "^0.4.0", "vite": "^8.0.13", "vitefu": "^1.1.2", "xxhash-wasm": "^1.1.0", "yargs-parser": "^22.0.0", "zod": "^4.5.4" }, "optionalDependencies": { "sharp": "^0.35.4" }, "peerDependencies": { "@astrojs/markdown-remark": "^7.3.0" }, "optionalPeers": ["@astrojs/markdown-remark"], "bin": "bin/astro.mjs" }, ""],

    "axobject-query": ["axobject-query@4.1.0", "", {}, ""],

    "bail": ["bail@2.0.2", "", {}, ""],

    "boolbase": ["boolbase@1.0.0", "", {}, ""],

    "ccount": ["ccount@2.0.1", "", {}, ""],

    "character-entities-html4": ["character-entities-html4@2.1.0", "", {}, ""],

    "character-entities-legacy": ["character-entities-legacy@3.0.0", "", {}, ""],

    "chokidar": ["chokidar@5.0.0", "", { "dependencies": { "readdirp": "^5.0.0" } }, ""],

    "ci-info": ["ci-info@4.4.0", "", {}, ""],

    "clsx": ["clsx@2.1.1", "", {}, ""],

    "comma-separated-tokens": ["comma-separated-tokens@2.0.3", "", {}, ""],

    "commander": ["commander@11.1.0", "", {}, ""],

    "common-ancestor-path": ["common-ancestor-path@2.0.0", "", {}, ""],

    "cookie": ["cookie@2.0.1", "", {}, ""],

    "cookie-es": ["cookie-es@1.2.3", "", {}, ""],

    "crossws": ["crossws@0.3.5", "", { "dependencies": { "uncrypto": "^0.1.3" } }, ""],

    "css-select": ["css-select@6.0.0", "", { "dependencies": { "boolbase": "^1.0.0", "css-what": "^7.0.0", "domhandler": "^5.0.3", "domutils": "^3.2.2", "nth-check": "^2.1.1" } }, ""],

    "css-tree": ["css-tree@3.2.1", "", { "dependencies": { "mdn-data": "2.27.1", "source-map-js": "^1.2.1" } }, ""],

    "css-what": ["css-what@7.0.0", "", {}, ""],

    "csso": ["csso@5.0.5", "", { "dependencies": { "css-tree": "~2.2.0" } }, ""],

    "defu": ["defu@6.1.7", "", {}, ""],

    "dequal": ["dequal@2.0.3", "", {}, ""],

    "destr": ["destr@2.0.5", "", {}, ""],

    "detect-libc": ["detect-libc@2.1.2", "", {}, ""],

    "devalue": ["devalue@5.9.4", "", {}, ""],

    "devlop": ["devlop@1.1.0", "", { "dependencies": { "dequal": "^2.0.0" } }, ""],

    "diff": ["diff@9.0.0", "", {}, ""],

    "dom-serializer": ["dom-serializer@2.0.0", "", { "dependencies": { "domelementtype": "^2.3.0", "domhandler": "^5.0.2", "entities": "^4.2.0" } }, ""],

    "domelementtype": ["domelementtype@2.3.0", "", {}, ""],

    "domhandler": ["domhandler@5.0.3", "", { "dependencies": { "domelementtype": "^2.3.0" } }, ""],

    "domutils": ["domutils@3.2.2", "", { "dependencies": { "dom-serializer": "^2.0.0", "domelementtype": "^2.3.0", "domhandler": "^5.0.3" } }, ""],

    "dset": ["dset@3.1.4", "", {}, ""],

    "entities": ["entities@4.5.0", "", {}, ""],

    "es-module-lexer": ["es-module-lexer@2.3.2", "", {}, ""],

    "esbuild": ["esbuild@0.28.2", "", { "optionalDependencies": { "@esbuild/aix-ppc64": "0.28.2", "@esbuild/android-arm": "0.28.2", "@esbuild/android-arm64": "0.28.2", "@esbuild/android-x64": "0.28.2", "@esbuild/darwin-arm64": "0.28.2", "@esbuild/darwin-x64": "0.28.2", "@esbuild/freebsd-arm64": "0.28.2", "@esbuild/freebsd-x64": "0.28.2", "@esbuild/linux-arm": "0.28.2", "@esbuild/linux-arm64": "0.28.2", "@esbuild/linux-ia32": "0.28.2", "@esbuild/linux-loong64": "0.28.2", "@esbuild/linux-mips64el": "0.28.2", "@esbuild/linux-ppc64": "0.28.2", "@esbuild/linux-riscv64": "0.28.2", "@esbuild/linux-s390x": "0.28.2", "@esbuild/linux-x64": "0.28.2", "@esbuild/netbsd-arm64": "0.28.2", "@esbuild/netbsd-x64": "0.28.2", "@esbuild/openbsd-arm64": "0.28.2", "@esbuild/openbsd-x64": "0.28.2", "@esbuild/openharmony-arm64": "0.28.2", "@esbuild/sunos-x64": "0.28.2", "@esbuild/win32-arm64": "0.28.2", "@esbuild/win32-ia32": "0.28.2", "@esbuild/win32-x64": "0.28.2" }, "bin": "bin/esbuild" }, ""],

    "eventemitter3": ["eventemitter3@5.0.4", "", {}, ""],

    "extend": ["extend@3.0.2", "", {}, ""],

    "fast-string-truncated-width": ["fast-string-truncated-width@3.0.3", "", {}, ""],

    "fast-string-width": ["fast-string-width@3.0.2", "", { "dependencies": { "fast-string-truncated-width": "^3.0.2" } }, ""],

    "fast-wrap-ansi": ["fast-wrap-ansi@0.2.2", "", { "dependencies": { "fast-string-width": "^3.0.2" } }, ""],

    "fast-xml-builder": ["fast-xml-builder@1.3.1", "", { "dependencies": { "path-expression-matcher": "^1.6.2", "xml-naming": "^0.3.0" } }, ""],

    "fast-xml-parser": ["fast-xml-parser@5.11.1", "", { "dependencies": { "@nodable/entities": "^3.0.0", "fast-xml-builder": "^1.2.0", "is-unsafe": "^2.0.0", "path-expression-matcher": "^1.6.2", "strnum": "^2.4.2", "xml-naming": "^0.3.0" }, "bin": { "fxparser": "src/cli/cli.js" } }, ""],

    "fdir": ["fdir@6.5.0", "", { "peerDependencies": { "picomatch": "^3 || ^4" }, "optionalPeers": ["picomatch"] }, ""],

    "find-proc": ["find-proc@0.2.0", "", {}, ""],

    "flattie": ["flattie@1.1.1", "", {}, ""],

    "fontace": ["fontace@0.4.1", "", { "dependencies": { "fontkitten": "^1.0.2" } }, ""],

    "fontkitten": ["fontkitten@1.0.3", "", { "dependencies": { "tiny-inflate": "^1.0.3" } }, ""],

    "fsevents": ["fsevents@2.3.3", "", { "os": "darwin" }, "sha512-5xoDfX+fL7faATnagmWPpbFtwh/R77WmMMqqHGS65C3vvB0YHrgF+B1YmZ3441tMj5n63k0212XNoJwzlhffQw=="],

    "get-tsconfig": ["get-tsconfig@5.0.0-beta.4", "", { "dependencies": { "resolve-pkg-maps": "^1.0.0" } }, ""],

    "github-slugger": ["github-slugger@2.0.0", "", {}, ""],

    "h3": ["h3@1.15.11", "", { "dependencies": { "cookie-es": "^1.2.3", "crossws": "^0.3.5", "defu": "^6.1.6", "destr": "^2.0.5", "iron-webcrypto": "^1.2.1", "node-mock-http": "^1.0.4", "radix3": "^1.1.2", "ufo": "^1.6.3", "uncrypto": "^0.1.3" } }, ""],

    "hast-util-to-html": ["hast-util-to-html@9.0.5", "", { "dependencies": { "@types/hast": "^3.0.0", "@types/unist": "^3.0.0", "ccount": "^2.0.0", "comma-separated-tokens": "^2.0.0", "hast-util-whitespace": "^3.0.0", "html-void-elements": "^3.0.0", "mdast-util-to-hast": "^13.0.0", "property-information": "^7.0.0", "space-separated-tokens": "^2.0.0", "stringify-entities": "^4.0.0", "zwitch": "^2.0.4" } }, ""],

    "hast-util-whitespace": ["hast-util-whitespace@3.0.0", "", { "dependencies": { "@types/hast": "^3.0.0" } }, ""],

    "html-escaper": ["html-escaper@3.0.3", "", {}, ""],

    "html-void-elements": ["html-void-elements@3.0.0", "", {}, ""],

    "http-cache-semantics": ["http-cache-semantics@4.2.0", "", {}, ""],

    "iron-webcrypto": ["iron-webcrypto@1.2.1", "", {}, ""],

    "is-docker": ["is-docker@4.0.0", "", { "bin": "cli.js" }, ""],

    "is-plain-obj": ["is-plain-obj@4.1.0", "", {}, ""],

    "is-unsafe": ["is-unsafe@2.0.2", "", {}, ""],

    "js-yaml": ["js-yaml@4.3.2", "", { "dependencies": { "argparse": "^2.0.1" }, "bin": "bin/js-yaml.js" }, ""],

    "jsonc-parser": ["jsonc-parser@3.3.1", "", {}, ""],

    "lightningcss": ["lightningcss@1.33.0", "", { "dependencies": { "detect-libc": "^2.0.3" }, "optionalDependencies": { "lightningcss-android-arm64": "1.33.0", "lightningcss-darwin-arm64": "1.33.0", "lightningcss-darwin-x64": "1.33.0", "lightningcss-freebsd-x64": "1.33.0", "lightningcss-linux-arm-gnueabihf": "1.33.0", "lightningcss-linux-arm64-gnu": "1.33.0", "lightningcss-linux-arm64-musl": "1.33.0", "lightningcss-linux-x64-gnu": "1.33.0", "lightningcss-linux-x64-musl": "1.33.0", "lightningcss-win32-arm64-msvc": "1.33.0", "lightningcss-win32-x64-msvc": "1.33.0" } }, ""],

    "lightningcss-android-arm64": ["lightningcss-android-arm64@1.33.0", "", { "os": "android", "cpu": "arm64" }, "sha512-gEpRTalKdosp4Bb8qWtc2iOgE5SeIHlpS1up9bFq2wAyYhl1UdTObYiHe98zEM9SQvSoqQZ1IQD0JNpg3Ml5pg=="],

    "lightningcss-darwin-arm64": ["lightningcss-darwin-arm64@1.33.0", "", { "os": "darwin", "cpu": "arm64" }, "sha512-Sciaz8eenNTKn9b3t7+xr0ipTp9YxKQY4npwQ3mrRuL0BAVHBLyZxofhaKBAVtzmtRZ/zTyo0/to4B1uWG/Djg=="],

    "lightningcss-darwin-x64": ["lightningcss-darwin-x64@1.33.0", "", { "os": "darwin", "cpu": "x64" }, "sha512-Z5UPAxzrjlWNNyGy6i65cJzzvgJ5D3T6wMvs+gWpY9d7qRhANrxqAp6LhxIgZhWEw18RfJTGcRxjuLIBr+m8XQ=="],

    "lightningcss-freebsd-x64": ["lightningcss-freebsd-x64@1.33.0", "", { "os": "freebsd", "cpu": "x64" }, "sha512-QQM/Ti/hQajJwCY+RiWuCZ9sdtI/XQk7nDK5vC8kkdwixezOlDgvDx7+RT+QjK6FcFT4MpsuoBnHIo/O3StRRg=="],

    "lightningcss-linux-arm-gnueabihf": ["lightningcss-linux-arm-gnueabihf@1.33.0", "", { "os": "linux", "cpu": "arm" }, "sha512-N7FVBe6iS24MlM6R/4RBTxGhQheZGs7tiQ9U32UtF75NzP5Q7xWPRqLBCKxlRQRk3rY1jCIPLzx7WzOhuUIRLQ=="],

    "lightningcss-linux-arm64-gnu": ["lightningcss-linux-arm64-gnu@1.33.0", "", { "os": "linux", "cpu": "arm64" }, "sha512-j2v/itmy4HlNxlc6voKXYgBqNi0Ng2LShg4z7GufpEgs05P+2suBVyi9I6YHq5uoVFx9ETin3eCEhLVyXGQnKg=="],

    "lightningcss-linux-arm64-musl": ["lightningcss-linux-arm64-musl@1.33.0", "", { "os": "linux", "cpu": "arm64" }, "sha512-yiO5ROMuYQgXbC60yjZU5CYSFZGKXL0HFATXt9mHJn1+zW55oCtMI9NfcVhYLMFDL7gV7oBPon/EmMMGg2OvtQ=="],

    "lightningcss-linux-x64-gnu": ["lightningcss-linux-x64-gnu@1.33.0", "", { "os": "linux", "cpu": "x64" }, ""],

    "lightningcss-linux-x64-musl": ["lightningcss-linux-x64-musl@1.33.0", "", { "os": "linux", "cpu": "x64" }, ""],

    "lightningcss-win32-arm64-msvc": ["lightningcss-win32-arm64-msvc@1.33.0", "", { "os": "win32", "cpu": "arm64" }, "sha512-1K+MPfLSFVpphzpdbfkhlWk6wBrTObBzS2T6db10PNOZgR9GoVsAWzwNyuhUYYbTp23j+4RrncfujZ4uAzXvwA=="],

    "lightningcss-win32-x64-msvc": ["lightningcss-win32-x64-msvc@1.33.0", "", { "os": "win32", "cpu": "x64" }, "sha512-OlEICDx/Xl0FqSp4bry8zFnCvGpig3Gl4gCquvYwHuqJKEC1+n9NgDniFvqHGmMv1ZkqDJrDqKKSykTDX+ehuA=="],

    "lru-cache": ["lru-cache@11.5.3", "", {}, ""],

    "magic-string": ["magic-string@1.4.1", "", { "dependencies": { "@jridgewell/sourcemap-codec": "^1.6.0" } }, ""],

    "magicast": ["magicast@0.5.5", "", { "dependencies": { "@babel/parser": "^7.29.7", "@babel/types": "^7.29.7", "source-map-js": "^1.2.1" } }, ""],

    "mdast-util-to-hast": ["mdast-util-to-hast@13.2.1", "", { "dependencies": { "@types/hast": "^3.0.0", "@types/mdast": "^4.0.0", "@ungap/structured-clone": "^1.0.0", "devlop": "^1.0.0", "micromark-util-sanitize-uri": "^2.0.0", "trim-lines": "^3.0.0", "unist-util-position": "^5.0.0", "unist-util-visit": "^5.0.0", "vfile": "^6.0.0" } }, ""],

    "mdn-data": ["mdn-data@2.27.1", "", {}, ""],

    "micromark-util-character": ["micromark-util-character@2.1.1", "", { "dependencies": { "micromark-util-symbol": "^2.0.0", "micromark-util-types": "^2.0.0" } }, ""],

    "micromark-util-encode": ["micromark-util-encode@2.0.1", "", {}, ""],

    "micromark-util-sanitize-uri": ["micromark-util-sanitize-uri@2.0.1", "", { "dependencies": { "micromark-util-character": "^2.0.0", "micromark-util-encode": "^2.0.0", "micromark-util-symbol": "^2.0.0" } }, ""],

    "micromark-util-symbol": ["micromark-util-symbol@2.0.1", "", {}, ""],

    "micromark-util-types": ["micromark-util-types@2.0.2", "", {}, ""],

    "mrmime": ["mrmime@2.0.1", "", {}, ""],

    "nanoid": ["nanoid@3.3.19", "", { "bin": "bin/nanoid.cjs" }, ""],

    "neotraverse": ["neotraverse@1.0.1", "", {}, ""],

    "nlcst-to-string": ["nlcst-to-string@4.0.0", "", { "dependencies": { "@types/nlcst": "^2.0.0" } }, ""],

    "node-fetch-native": ["node-fetch-native@1.6.7", "", {}, ""],

    "node-mock-http": ["node-mock-http@1.0.5", "", {}, ""],

    "normalize-path": ["normalize-path@3.0.0", "", {}, ""],

    "nth-check": ["nth-check@2.1.1", "", { "dependencies": { "boolbase": "^1.0.0" } }, ""],

    "obug": ["obug@2.2.1", "", {}, ""],

    "ofetch": ["ofetch@1.5.1", "", { "dependencies": { "destr": "^2.0.5", "node-fetch-native": "^1.6.7", "ufo": "^1.6.1" } }, ""],

    "ohash": ["ohash@2.0.12", "", {}, ""],

    "oniguruma-parser": ["oniguruma-parser@0.12.2", "", {}, ""],

    "oniguruma-to-es": ["oniguruma-to-es@4.3.6", "", { "dependencies": { "oniguruma-parser": "^0.12.2", "regex": "^6.1.0", "regex-recursion": "^6.0.2" } }, ""],

    "p-limit": ["p-limit@7.3.3", "", { "dependencies": { "yocto-queue": "^1.2.1" } }, ""],

    "p-queue": ["p-queue@9.3.3", "", { "dependencies": { "eventemitter3": "^5.0.4", "p-timeout": "^7.0.0" } }, ""],

    "p-timeout": ["p-timeout@7.0.2", "", {}, ""],

    "package-manager-detector": ["package-manager-detector@1.8.0", "", {}, ""],

    "path-expression-matcher": ["path-expression-matcher@1.6.2", "", {}, ""],

    "piccolore": ["piccolore@0.1.3", "", {}, ""],

    "picocolors": ["picocolors@1.1.1", "", {}, ""],

    "picomatch": ["picomatch@4.0.7", "", {}, ""],

    "postcss": ["postcss@8.5.28", "", { "dependencies": { "nanoid": "^3.3.18", "picocolors": "^1.1.1", "source-map-js": "^1.2.1" } }, ""],

    "prismjs": ["prismjs@1.30.0", "", {}, ""],

    "process-ancestry": ["process-ancestry@0.1.0", "", {}, ""],

    "property-information": ["property-information@7.2.0", "", {}, ""],

    "radix3": ["radix3@1.1.2", "", {}, ""],

    "readdirp": ["readdirp@5.1.1", "", {}, ""],

    "regex": ["regex@6.1.0", "", { "dependencies": { "regex-utilities": "^2.3.0" } }, ""],

    "regex-recursion": ["regex-recursion@6.0.2", "", { "dependencies": { "regex-utilities": "^2.3.0" } }, ""],

    "regex-utilities": ["regex-utilities@2.3.0", "", {}, ""],

    "resolve-pkg-maps": ["resolve-pkg-maps@1.0.0", "", {}, ""],

    "retext-smartypants": ["retext-smartypants@6.2.0", "", { "dependencies": { "@types/nlcst": "^2.0.0", "nlcst-to-string": "^4.0.0", "unist-util-visit": "^5.0.0" } }, ""],

    "rolldown": ["rolldown@1.2.9", "", { "dependencies": { "@oxc-project/types": "=0.150.0", "@rolldown/pluginutils": "^1.0.0" }, "optionalDependencies": { "@rolldown/binding-android-arm-eabi": "1.2.9", "@rolldown/binding-android-arm64": "1.2.9", "@rolldown/binding-darwin-arm64": "1.2.9", "@rolldown/binding-darwin-x64": "1.2.9", "@rolldown/binding-freebsd-x64": "1.2.9", "@rolldown/binding-linux-arm-gnueabihf": "1.2.9", "@rolldown/binding-linux-arm64-gnu": "1.2.9", "@rolldown/binding-linux-arm64-musl": "1.2.9", "@rolldown/binding-linux-ppc64-gnu": "1.2.9", "@rolldown/binding-linux-s390x-gnu": "1.2.9", "@rolldown/binding-linux-x64-gnu": "1.2.9", "@rolldown/binding-linux-x64-musl": "1.2.9", "@rolldown/binding-openharmony-arm64": "1.2.9", "@rolldown/binding-win32-arm64-msvc": "1.2.9", "@rolldown/binding-win32-x64-msvc": "1.2.9" }, "bin": "bin/cli.mjs" }, ""],

    "satteri": ["satteri@0.10.5", "", { "dependencies": { "@types/estree-jsx": "^1.0.5", "@types/hast": "^3.0.5", "@types/mdast": "^4.0.4", "@types/unist": "^3.0.3" }, "optionalDependencies": { "@bruits/satteri-darwin-arm64": "0.10.5", "@bruits/satteri-darwin-x64": "0.10.5", "@bruits/satteri-linux-arm64-gnu": "0.10.5", "@bruits/satteri-linux-arm64-musl": "0.10.5", "@bruits/satteri-linux-x64-gnu": "0.10.5", "@bruits/satteri-linux-x64-musl": "0.10.5", "@bruits/satteri-wasm32-wasi": "0.10.5", "@bruits/satteri-win32-arm64-msvc": "0.10.5", "@bruits/satteri-win32-x64-msvc": "0.10.5" } }, ""],

    "sax": ["sax@1.6.1", "", {}, ""],

    "semver": ["semver@7.8.5", "", { "bin": "bin/semver.js" }, ""],

    "sharp": ["sharp@0.35.4", "", { "dependencies": { "@img/colour": "^1.1.0", "detect-libc": "^2.1.2", "semver": "^7.8.5" }, "optionalDependencies": { "@img/sharp-darwin-arm64": "0.35.4", "@img/sharp-darwin-x64": "0.35.4", "@img/sharp-freebsd-wasm32": "0.35.4", "@img/sharp-libvips-darwin-arm64": "1.3.3", "@img/sharp-libvips-darwin-x64": "1.3.3", "@img/sharp-libvips-linux-arm": "1.3.3", "@img/sharp-libvips-linux-arm64": "1.3.3", "@img/sharp-libvips-linux-ppc64": "1.3.3", "@img/sharp-libvips-linux-riscv64": "1.3.3", "@img/sharp-libvips-linux-s390x": "1.3.3", "@img/sharp-libvips-linux-x64": "1.3.3", "@img/sharp-libvips-linuxmusl-arm64": "1.3.3", "@img/sharp-libvips-linuxmusl-x64": "1.3.3", "@img/sharp-linux-arm": "0.35.4", "@img/sharp-linux-arm64": "0.35.4", "@img/sharp-linux-ppc64": "0.35.4", "@img/sharp-linux-riscv64": "0.35.4", "@img/sharp-linux-s390x": "0.35.4", "@img/sharp-linux-x64": "0.35.4", "@img/sharp-linuxmusl-arm64": "0.35.4", "@img/sharp-linuxmusl-x64": "0.35.4", "@img/sharp-webcontainers-wasm32": "0.35.4", "@img/sharp-win32-arm64": "0.35.4", "@img/sharp-win32-ia32": "0.35.4", "@img/sharp-win32-x64": "0.35.4" } }, ""],

    "shiki": ["shiki@4.4.3", "", { "dependencies": { "@shikijs/core": "4.4.3", "@shikijs/engine-javascript": "4.4.3", "@shikijs/engine-oniguruma": "4.4.3", "@shikijs/langs": "4.4.3", "@shikijs/themes": "4.4.3", "@shikijs/types": "4.4.3", "@shikijs/vscode-textmate": "^10.0.2", "@types/hast": "^3.0.5" } }, ""],

    "simple-icons": ["simple-icons@16.32.0", "", {}, "sha512-BwqATHxAulx7X6kNdTkecy7PBjLkgtAHcgrwYLd9iA+cD2At9DzhJwdwaSELk2+aZe01IfiM/Wxtyp68Dvup2A=="],

    "sisteransi": ["sisteransi@1.0.5", "", {}, ""],

    "sitemap": ["sitemap@9.0.1", "", { "dependencies": { "@types/node": "^24.9.2", "@types/sax": "^1.2.1", "arg": "^5.0.0", "sax": "^1.4.1" }, "bin": "dist/esm/cli.js" }, ""],

    "smol-toml": ["smol-toml@1.8.0", "", {}, ""],

    "source-map-js": ["source-map-js@1.2.1", "", {}, ""],

    "space-separated-tokens": ["space-separated-tokens@2.0.2", "", {}, ""],

    "stringify-entities": ["stringify-entities@4.0.4", "", { "dependencies": { "character-entities-html4": "^2.0.0", "character-entities-legacy": "^3.0.0" } }, ""],

    "strnum": ["strnum@2.4.2", "", { "dependencies": { "anynum": "^1.0.1" } }, ""],

    "svgo": ["svgo@4.1.0", "", { "dependencies": { "commander": "^11.1.0", "css-select": "^6.0.0", "css-tree": "^3.0.1", "css-what": "^7.0.0", "csso": "^5.0.5", "picocolors": "^1.1.1", "sax": "1.6.1" }, "bin": "bin/svgo.js" }, ""],

    "tiny-inflate": ["tiny-inflate@1.0.3", "", {}, ""],

    "tinyclip": ["tinyclip@0.1.15", "", {}, ""],

    "tinyexec": ["tinyexec@1.3.1", "", {}, ""],

    "tinyglobby": ["tinyglobby@0.2.17", "", { "dependencies": { "fdir": "^6.5.0", "picomatch": "^4.0.4" } }, ""],

    "trim-lines": ["trim-lines@3.0.1", "", {}, ""],

    "trough": ["trough@2.2.0", "", {}, ""],

    "tslib": ["tslib@2.8.1", "", {}, "sha512-oJFu94HQb+KVduSUQL7wnpmqnfmLsOA/nAh6b6EH0wCEoK0/mPeXU6c3wKDV83MkOuHPRHtSXKKU99IBazS/2w=="],

    "ufo": ["ufo@1.6.4", "", {}, ""],

    "ultrahtml": ["ultrahtml@1.7.0", "", {}, ""],

    "uncrypto": ["uncrypto@0.1.3", "", {}, ""],

    "undici": ["undici@8.10.2", "", {}, ""],

    "undici-types": ["undici-types@7.18.2", "", {}, ""],

    "unified": ["unified@11.0.5", "", { "dependencies": { "@types/unist": "^3.0.0", "bail": "^2.0.0", "devlop": "^1.0.0", "extend": "^3.0.0", "is-plain-obj": "^4.0.0", "trough": "^2.0.0", "vfile": "^6.0.0" } }, ""],

    "unifont": ["unifont@0.7.5", "", { "dependencies": { "css-tree": "^3.1.0", "ohash": "^2.0.11", "undici": "^8.0.0" } }, ""],

    "unist-util-is": ["unist-util-is@6.0.1", "", { "dependencies": { "@types/unist": "^3.0.0" } }, ""],

    "unist-util-position": ["unist-util-position@5.0.0", "", { "dependencies": { "@types/unist": "^3.0.0" } }, ""],

    "unist-util-stringify-position": ["unist-util-stringify-position@4.0.0", "", { "dependencies": { "@types/unist": "^3.0.0" } }, ""],

    "unist-util-visit": ["unist-util-visit@5.1.0", "", { "dependencies": { "@types/unist": "^3.0.0", "unist-util-is": "^6.0.0", "unist-util-visit-parents": "^6.0.0" } }, ""],

    "unist-util-visit-parents": ["unist-util-visit-parents@6.0.2", "", { "dependencies": { "@types/unist": "^3.0.0", "unist-util-is": "^6.0.0" } }, ""],

    "unstorage": ["unstorage@1.17.5", "", { "dependencies": { "anymatch": "^3.1.3", "chokidar": "^5.0.0", "destr": "^2.0.5", "h3": "^1.15.10", "lru-cache": "^11.2.7", "node-fetch-native": "^1.6.7", "ofetch": "^1.5.1", "ufo": "^1.6.3" }, "peerDependencies": { "@azure/app-configuration": "^1.8.0", "@azure/cosmos": "^4.2.0", "@azure/data-tables": "^13.3.0", "@azure/identity": "^4.6.0", "@azure/keyvault-secrets": "^4.9.0", "@azure/storage-blob": "^12.26.0", "@capacitor/preferences": "^6 || ^7 || ^8", "@deno/kv": ">=0.9.0", "@netlify/blobs": "^6.5.0 || ^7.0.0 || ^8.1.0 || ^9.0.0 || ^10.0.0", "@planetscale/database": "^1.19.0", "@upstash/redis": "^1.34.3", "@vercel/blob": ">=0.27.1", "@vercel/functions": "^2.2.12 || ^3.0.0", "@vercel/kv": "^1 || ^2 || ^3", "aws4fetch": "^1.0.20", "db0": ">=0.2.1", "idb-keyval": "^6.2.1", "ioredis": "^5.4.2", "uploadthing": "^7.4.4" }, "optionalPeers": ["@azure/app-configuration", "@azure/cosmos", "@azure/data-tables", "@azure/identity", "@azure/keyvault-secrets", "@azure/storage-blob", "@capacitor/preferences", "@deno/kv", "@netlify/blobs", "@planetscale/database", "@upstash/redis", "@vercel/blob", "@vercel/functions", "@vercel/kv", "aws4fetch", "db0", "idb-keyval", "ioredis", "uploadthing"] }, ""],

    "verkit": ["verkit@0.4.1", "", {}, ""],

    "vfile": ["vfile@6.0.3", "", { "dependencies": { "@types/unist": "^3.0.0", "vfile-message": "^4.0.0" } }, ""],

    "vfile-message": ["vfile-message@4.0.3", "", { "dependencies": { "@types/unist": "^3.0.0", "unist-util-stringify-position": "^4.0.0" } }, ""],

    "vite": ["vite@8.3.0", "", { "dependencies": { "lightningcss": "^1.33.0", "picomatch": "^4.0.7", "postcss": "^8.5.28", "rolldown": "~1.2.6", "tinyglobby": "^0.2.17" }, "optionalDependencies": { "fsevents": "~2.3.3" }, "peerDependencies": { "@types/node": "^20.19.0 || >=22.12.0", "@vitejs/devtools": "^0.7.1", "esbuild": "^0.27.0 || ^0.28.0", "jiti": ">=1.21.0", "less": "^4.0.0", "sass": "^1.70.0", "sass-embedded": "^1.70.0", "stylus": ">=0.54.8", "sugarss": "^5.0.0", "terser": "^5.16.0", "tsx": "^4.8.1", "yaml": "^2.4.2" }, "optionalPeers": ["@types/node", "@vitejs/devtools", "esbuild", "jiti", "less", "sass", "sass-embedded", "stylus", "sugarss", "terser", "tsx", "yaml"], "bin": "bin/vite.js" }, ""],

    "vitefu": ["vitefu@1.1.3", "", { "peerDependencies": { "vite": "^3.0.0 || ^4.0.0 || ^5.0.0 || ^6.0.0 || ^7.0.0 || ^8.0.0" }, "optionalPeers": ["vite"] }, ""],

    "xml-naming": ["xml-naming@0.3.0", "", {}, ""],

    "xxhash-wasm": ["xxhash-wasm@1.1.0", "", {}, ""],

    "yargs-parser": ["yargs-parser@22.0.0", "", {}, ""],

    "yocto-queue": ["yocto-queue@1.2.2", "", {}, ""],

    "zod": ["zod@4.6.5", "", {}, ""],

    "zwitch": ["zwitch@2.0.4", "", {}, ""],

    "@bruits/satteri-wasm32-wasi/@emnapi/core": ["@emnapi/core@1.11.1", "", { "dependencies": { "@emnapi/wasi-threads": "1.2.2", "tslib": "^2.4.0" } }, "sha512-RSvbQmHzdKzNsLYa/wHrbc3KN4sYLKAdPZxqiM2HATqv/SBk2/ENSHpvXGaLOMcsAyz0poEGqkmmKYG3OWiJEQ=="],

    "@bruits/satteri-wasm32-wasi/@emnapi/runtime": ["@emnapi/runtime@1.11.1", "", { "dependencies": { "tslib": "^2.4.0" } }, "sha512-vgj7R3y3Wgx24IQaGPA/R6YFXLHVMOZ0uVEyIQPaWs+rd1AzfEMXlAC22FYwO1XkKR6NPsq7mUandH8oIRdZFw=="],

    "@types/sax/@types/node": ["@types/node@26.6.2", "", { "dependencies": { "undici-types": "~8.9.0" } }, ""],

    "anymatch/picomatch": ["picomatch@2.3.2", "", {}, ""],

    "csso/css-tree": ["css-tree@2.2.1", "", { "dependencies": { "mdn-data": "2.0.28", "source-map-js": "^1.0.1" } }, ""],

    "@bruits/satteri-wasm32-wasi/@emnapi/core/@emnapi/wasi-threads": ["@emnapi/wasi-threads@1.2.2", "", { "dependencies": { "tslib": "^2.4.0" } }, "sha512-c95qOXkHdydNKhscBTebqEC1CVAZpyqOfVfBzQ1qgzyl3gfeldUjIggDbIZgDKsHLgnsM+igH7TJ/eAasaVuMA=="],

    "@types/sax/@types/node/undici-types": ["undici-types@8.9.0", "", {}, ""],

    "csso/css-tree/mdn-data": ["mdn-data@2.0.28", "", {}, ""],
  }
}
